// !$*UTF8*$!
{
	archiveVersion = 1;
	classes = {
	};
	objectVersion = 46;
	objects = {

/* Begin PBXBuildFile section */
		F6BBAF891671CED700C28616 /* Cordova.framework in Frameworks */ = {isa = PBXBuildFile; fileRef = F6BBAF881671CED700C28616 /* Cordova.framework */; };
		F6F17C081643AAB300B8AE4C /* Foundation.framework in Frameworks */ = {isa = PBXBuildFile; fileRef = F6F17C071643AAB300B8AE4C /* Foundation.framework */; };
		F6F17C0A1643AAB300B8AE4C /* UIKit.framework in Frameworks */ = {isa = PBXBuildFile; fileRef = F6F17C091643AAB300B8AE4C /* UIKit.framework */; };
		F6F17C0C1643AAB300B8AE4C /* CoreGraphics.framework in Frameworks */ = {isa = PBXBuildFile; fileRef = F6F17C0B1643AAB300B8AE4C /* CoreGraphics.framework */; };
		F6F17C0E1643AAB300B8AE4C /* AddressBook.framework in Frameworks */ = {isa = PBXBuildFile; fileRef = F6F17C0D1643AAB300B8AE4C /* AddressBook.framework */; };
		F6F17C101643AAB300B8AE4C /* AddressBookUI.framework in Frameworks */ = {isa = PBXBuildFile; fileRef = F6F17C0F1643AAB300B8AE4C /* AddressBookUI.framework */; };
		F6F17C121643AAB300B8AE4C /* AudioToolbox.framework in Frameworks */ = {isa = PBXBuildFile; fileRef = F6F17C111643AAB300B8AE4C /* AudioToolbox.framework */; };
		F6F17C141643AAB300B8AE4C /* AVFoundation.framework in Frameworks */ = {isa = PBXBuildFile; fileRef = F6F17C131643AAB300B8AE4C /* AVFoundation.framework */; };
		F6F17C161643AAB300B8AE4C /* CoreLocation.framework in Frameworks */ = {isa = PBXBuildFile; fileRef = F6F17C151643AAB300B8AE4C /* CoreLocation.framework */; };
		F6F17C181643AAB300B8AE4C /* MediaPlayer.framework in Frameworks */ = {isa = PBXBuildFile; fileRef = F6F17C171643AAB300B8AE4C /* MediaPlayer.framework */; };
		F6F17C1A1643AAB300B8AE4C /* QuartzCore.framework in Frameworks */ = {isa = PBXBuildFile; fileRef = F6F17C191643AAB300B8AE4C /* QuartzCore.framework */; };
		F6F17C1C1643AAB300B8AE4C /* SystemConfiguration.framework in Frameworks */ = {isa = PBXBuildFile; fileRef = F6F17C1B1643AAB300B8AE4C /* SystemConfiguration.framework */; };
		F6F17C1E1643AAB300B8AE4C /* MobileCoreServices.framework in Frameworks */ = {isa = PBXBuildFile; fileRef = F6F17C1D1643AAB300B8AE4C /* MobileCoreServices.framework */; };
		F6F17C201643AAB300B8AE4C /* CoreMedia.framework in Frameworks */ = {isa = PBXBuildFile; fileRef = F6F17C1F1643AAB300B8AE4C /* CoreMedia.framework */; };
		F6F17C261643AAB300B8AE4C /* InfoPlist.strings in Resources */ = {isa = PBXBuildFile; fileRef = F6F17C241643AAB300B8AE4C /* InfoPlist.strings */; };
		F6F17C281643AAB300B8AE4C /* main.m in Sources */ = {isa = PBXBuildFile; fileRef = F6F17C271643AAB300B8AE4C /* main.m */; };
		F6F17C301643AAB300B8AE4C /* Localizable.strings in Resources */ = {isa = PBXBuildFile; fileRef = F6F17C2E1643AAB300B8AE4C /* Localizable.strings */; };
		F6F17C341643AAB300B8AE4C /* Localizable.strings in Resources */ = {isa = PBXBuildFile; fileRef = F6F17C321643AAB300B8AE4C /* Localizable.strings */; };
		F6F17C381643AAB300B8AE4C /* Localizable.strings in Resources */ = {isa = PBXBuildFile; fileRef = F6F17C361643AAB300B8AE4C /* Localizable.strings */; };
		F6F17C3C1643AAB300B8AE4C /* Localizable.strings in Resources */ = {isa = PBXBuildFile; fileRef = F6F17C3A1643AAB300B8AE4C /* Localizable.strings */; };
		F6F17C3F1643AAB300B8AE4C /* icon.png in Resources */ = {isa = PBXBuildFile; fileRef = F6F17C3E1643AAB300B8AE4C /* icon.png */; };
		F6F17C411643AAB300B8AE4C /* icon@2x.png in Resources */ = {isa = PBXBuildFile; fileRef = F6F17C401643AAB300B8AE4C /* icon@2x.png */; };
		F6F17C431643AAB300B8AE4C /* icon-72.png in Resources */ = {isa = PBXBuildFile; fileRef = F6F17C421643AAB300B8AE4C /* icon-72.png */; };
		F6F17C461643AAB300B8AE4C /* Default~iphone.png in Resources */ = {isa = PBXBuildFile; fileRef = F6F17C451643AAB300B8AE4C /* Default~iphone.png */; };
		F6F17C481643AAB400B8AE4C /* Default@2x~iphone.png in Resources */ = {isa = PBXBuildFile; fileRef = F6F17C471643AAB400B8AE4C /* Default@2x~iphone.png */; };
		F6F17C4A1643AAB400B8AE4C /* Capture.bundle in Resources */ = {isa = PBXBuildFile; fileRef = F6F17C491643AAB400B8AE4C /* Capture.bundle */; };
		F6F17C4C1643AAB400B8AE4C /* Cordova.plist in Resources */ = {isa = PBXBuildFile; fileRef = F6F17C4B1643AAB400B8AE4C /* Cordova.plist */; };
		F6F17C501643AAB400B8AE4C /* AppDelegate.m in Sources */ = {isa = PBXBuildFile; fileRef = F6F17C4F1643AAB400B8AE4C /* AppDelegate.m */; };
		F6F17C531643AAB400B8AE4C /* MainViewController.m in Sources */ = {isa = PBXBuildFile; fileRef = F6F17C521643AAB400B8AE4C /* MainViewController.m */; };
		F6F17C551643AAB400B8AE4C /* MainViewController.xib in Resources */ = {isa = PBXBuildFile; fileRef = F6F17C541643AAB400B8AE4C /* MainViewController.xib */; };
		F6F17C671643AF0D00B8AE4C /* www in Resources */ = {isa = PBXBuildFile; fileRef = F6F17C661643AF0D00B8AE4C /* www */; };
		F6F17C691643AF4F00B8AE4C /* Default-568h@2x.png in Resources */ = {isa = PBXBuildFile; fileRef = F6F17C681643AF4F00B8AE4C /* Default-568h@2x.png */; };
		F6F17C751643B26A00B8AE4C /* WizAssetsPlugin.m in Sources */ = {isa = PBXBuildFile; fileRef = F6F17C741643B26A00B8AE4C /* WizAssetsPlugin.m */; };
/* End PBXBuildFile section */

/* Begin PBXFileReference section */
		F6BBAF881671CED700C28616 /* Cordova.framework */ = {isa = PBXFileReference; lastKnownFileType = wrapper.framework; name = Cordova.framework; path = Frameworks/Cordova.framework; sourceTree = "<group>"; };
		F6F17C031643AAB300B8AE4C /* exampleWizAssets.app */ = {isa = PBXFileReference; explicitFileType = wrapper.application; includeInIndex = 0; path = exampleWizAssets.app; sourceTree = BUILT_PRODUCTS_DIR; };
		F6F17C071643AAB300B8AE4C /* Foundation.framework */ = {isa = PBXFileReference; lastKnownFileType = wrapper.framework; name = Foundation.framework; path = System/Library/Frameworks/Foundation.framework; sourceTree = SDKROOT; };
		F6F17C091643AAB300B8AE4C /* UIKit.framework */ = {isa = PBXFileReference; lastKnownFileType = wrapper.framework; name = UIKit.framework; path = System/Library/Frameworks/UIKit.framework; sourceTree = SDKROOT; };
		F6F17C0B1643AAB300B8AE4C /* CoreGraphics.framework */ = {isa = PBXFileReference; lastKnownFileType = wrapper.framework; name = CoreGraphics.framework; path = System/Library/Frameworks/CoreGraphics.framework; sourceTree = SDKROOT; };
		F6F17C0D1643AAB300B8AE4C /* AddressBook.framework */ = {isa = PBXFileReference; lastKnownFileType = wrapper.framework; name = AddressBook.framework; path = System/Library/Frameworks/AddressBook.framework; sourceTree = SDKROOT; };
		F6F17C0F1643AAB300B8AE4C /* AddressBookUI.framework */ = {isa = PBXFileReference; lastKnownFileType = wrapper.framework; name = AddressBookUI.framework; path = System/Library/Frameworks/AddressBookUI.framework; sourceTree = SDKROOT; };
		F6F17C111643AAB300B8AE4C /* AudioToolbox.framework */ = {isa = PBXFileReference; lastKnownFileType = wrapper.framework; name = AudioToolbox.framework; path = System/Library/Frameworks/AudioToolbox.framework; sourceTree = SDKROOT; };
		F6F17C131643AAB300B8AE4C /* AVFoundation.framework */ = {isa = PBXFileReference; lastKnownFileType = wrapper.framework; name = AVFoundation.framework; path = System/Library/Frameworks/AVFoundation.framework; sourceTree = SDKROOT; };
		F6F17C151643AAB300B8AE4C /* CoreLocation.framework */ = {isa = PBXFileReference; lastKnownFileType = wrapper.framework; name = CoreLocation.framework; path = System/Library/Frameworks/CoreLocation.framework; sourceTree = SDKROOT; };
		F6F17C171643AAB300B8AE4C /* MediaPlayer.framework */ = {isa = PBXFileReference; lastKnownFileType = wrapper.framework; name = MediaPlayer.framework; path = System/Library/Frameworks/MediaPlayer.framework; sourceTree = SDKROOT; };
		F6F17C191643AAB300B8AE4C /* QuartzCore.framework */ = {isa = PBXFileReference; lastKnownFileType = wrapper.framework; name = QuartzCore.framework; path = System/Library/Frameworks/QuartzCore.framework; sourceTree = SDKROOT; };
		F6F17C1B1643AAB300B8AE4C /* SystemConfiguration.framework */ = {isa = PBXFileReference; lastKnownFileType = wrapper.framework; name = SystemConfiguration.framework; path = System/Library/Frameworks/SystemConfiguration.framework; sourceTree = SDKROOT; };
		F6F17C1D1643AAB300B8AE4C /* MobileCoreServices.framework */ = {isa = PBXFileReference; lastKnownFileType = wrapper.framework; name = MobileCoreServices.framework; path = System/Library/Frameworks/MobileCoreServices.framework; sourceTree = SDKROOT; };
		F6F17C1F1643AAB300B8AE4C /* CoreMedia.framework */ = {isa = PBXFileReference; lastKnownFileType = wrapper.framework; name = CoreMedia.framework; path = System/Library/Frameworks/CoreMedia.framework; sourceTree = SDKROOT; };
		F6F17C231643AAB300B8AE4C /* exampleWizAssets-Info.plist */ = {isa = PBXFileReference; lastKnownFileType = text.plist.xml; path = "exampleWizAssets-Info.plist"; sourceTree = "<group>"; };
		F6F17C251643AAB300B8AE4C /* en */ = {isa = PBXFileReference; lastKnownFileType = text.plist.strings; name = en; path = en.lproj/InfoPlist.strings; sourceTree = "<group>"; };
		F6F17C271643AAB300B8AE4C /* main.m */ = {isa = PBXFileReference; lastKnownFileType = sourcecode.c.objc; path = main.m; sourceTree = "<group>"; };
		F6F17C291643AAB300B8AE4C /* exampleWizAssets-Prefix.pch */ = {isa = PBXFileReference; lastKnownFileType = sourcecode.c.h; path = "exampleWizAssets-Prefix.pch"; sourceTree = "<group>"; };
		F6F17C2F1643AAB300B8AE4C /* en */ = {isa = PBXFileReference; lastKnownFileType = text.plist.strings; name = en; path = Resources/en.lproj/Localizable.strings; sourceTree = "<group>"; };
		F6F17C331643AAB300B8AE4C /* es */ = {isa = PBXFileReference; lastKnownFileType = text.plist.strings; name = es; path = Resources/es.lproj/Localizable.strings; sourceTree = "<group>"; };
		F6F17C371643AAB300B8AE4C /* de */ = {isa = PBXFileReference; lastKnownFileType = text.plist.strings; name = de; path = Resources/de.lproj/Localizable.strings; sourceTree = "<group>"; };
		F6F17C3B1643AAB300B8AE4C /* se */ = {isa = PBXFileReference; lastKnownFileType = text.plist.strings; name = se; path = Resources/se.lproj/Localizable.strings; sourceTree = "<group>"; };
		F6F17C3E1643AAB300B8AE4C /* icon.png */ = {isa = PBXFileReference; lastKnownFileType = image.png; name = icon.png; path = Resources/icons/icon.png; sourceTree = "<group>"; };
		F6F17C401643AAB300B8AE4C /* icon@2x.png */ = {isa = PBXFileReference; lastKnownFileType = image.png; name = "icon@2x.png"; path = "Resources/icons/icon@2x.png"; sourceTree = "<group>"; };
		F6F17C421643AAB300B8AE4C /* icon-72.png */ = {isa = PBXFileReference; lastKnownFileType = image.png; name = "icon-72.png"; path = "Resources/icons/icon-72.png"; sourceTree = "<group>"; };
		F6F17C451643AAB300B8AE4C /* Default~iphone.png */ = {isa = PBXFileReference; lastKnownFileType = image.png; name = "Default~iphone.png"; path = "Resources/splash/Default~iphone.png"; sourceTree = "<group>"; };
		F6F17C471643AAB400B8AE4C /* Default@2x~iphone.png */ = {isa = PBXFileReference; lastKnownFileType = image.png; name = "Default@2x~iphone.png"; path = "Resources/splash/Default@2x~iphone.png"; sourceTree = "<group>"; };
		F6F17C491643AAB400B8AE4C /* Capture.bundle */ = {isa = PBXFileReference; lastKnownFileType = "wrapper.plug-in"; name = Capture.bundle; path = Resources/Capture.bundle; sourceTree = "<group>"; };
		F6F17C4B1643AAB400B8AE4C /* Cordova.plist */ = {isa = PBXFileReference; lastKnownFileType = text.plist.xml; path = Cordova.plist; sourceTree = "<group>"; };
		F6F17C4E1643AAB400B8AE4C /* AppDelegate.h */ = {isa = PBXFileReference; lastKnownFileType = sourcecode.c.h; name = AppDelegate.h; path = Classes/AppDelegate.h; sourceTree = "<group>"; };
		F6F17C4F1643AAB400B8AE4C /* AppDelegate.m */ = {isa = PBXFileReference; lastKnownFileType = sourcecode.c.objc; name = AppDelegate.m; path = Classes/AppDelegate.m; sourceTree = "<group>"; };
		F6F17C511643AAB400B8AE4C /* MainViewController.h */ = {isa = PBXFileReference; lastKnownFileType = sourcecode.c.h; name = MainViewController.h; path = Classes/MainViewController.h; sourceTree = "<group>"; };
		F6F17C521643AAB400B8AE4C /* MainViewController.m */ = {isa = PBXFileReference; lastKnownFileType = sourcecode.c.objc; name = MainViewController.m; path = Classes/MainViewController.m; sourceTree = "<group>"; };
		F6F17C541643AAB400B8AE4C /* MainViewController.xib */ = {isa = PBXFileReference; lastKnownFileType = file.xib; name = MainViewController.xib; path = Classes/MainViewController.xib; sourceTree = "<group>"; };
		F6F17C571643AAB400B8AE4C /* README */ = {isa = PBXFileReference; lastKnownFileType = text; name = README; path = Plugins/README; sourceTree = "<group>"; };
		F6F17C581643AAB400B8AE4C /* verify.sh */ = {isa = PBXFileReference; lastKnownFileType = text.script.sh; path = verify.sh; sourceTree = "<group>"; };
		F6F17C661643AF0D00B8AE4C /* www */ = {isa = PBXFileReference; lastKnownFileType = folder; name = www; path = ../www; sourceTree = "<group>"; };
		F6F17C681643AF4F00B8AE4C /* Default-568h@2x.png */ = {isa = PBXFileReference; lastKnownFileType = image.png; name = "Default-568h@2x.png"; path = "Resources/splash/Default-568h@2x.png"; sourceTree = "<group>"; };
		F6F17C731643B26A00B8AE4C /* WizAssetsPlugin.h */ = {isa = PBXFileReference; fileEncoding = 4; lastKnownFileType = sourcecode.c.h; path = WizAssetsPlugin.h; sourceTree = "<group>"; };
		F6F17C741643B26A00B8AE4C /* WizAssetsPlugin.m */ = {isa = PBXFileReference; fileEncoding = 4; lastKnownFileType = sourcecode.c.objc; path = WizAssetsPlugin.m; sourceTree = "<group>"; };
		F6F17C771643B2B100B8AE4C /* WizDebugLog.h */ = {isa = PBXFileReference; fileEncoding = 4; lastKnownFileType = sourcecode.c.h; path = WizDebugLog.h; sourceTree = "<group>"; };
/* End PBXFileReference section */

/* Begin PBXFrameworksBuildPhase section */
		F6F17BFD1643AAB300B8AE4C /* Frameworks */ = {
			isa = PBXFrameworksBuildPhase;
			buildActionMask = 2147483647;
			files = (
				F6BBAF891671CED700C28616 /* Cordova.framework in Frameworks */,
				F6F17C081643AAB300B8AE4C /* Foundation.framework in Frameworks */,
				F6F17C0A1643AAB300B8AE4C /* UIKit.framework in Frameworks */,
				F6F17C0C1643AAB300B8AE4C /* CoreGraphics.framework in Frameworks */,
				F6F17C0E1643AAB300B8AE4C /* AddressBook.framework in Frameworks */,
				F6F17C101643AAB300B8AE4C /* AddressBookUI.framework in Frameworks */,
				F6F17C121643AAB300B8AE4C /* AudioToolbox.framework in Frameworks */,
				F6F17C141643AAB300B8AE4C /* AVFoundation.framework in Frameworks */,
				F6F17C161643AAB300B8AE4C /* CoreLocation.framework in Frameworks */,
				F6F17C181643AAB300B8AE4C /* MediaPlayer.framework in Frameworks */,
				F6F17C1A1643AAB300B8AE4C /* QuartzCore.framework in Frameworks */,
				F6F17C1C1643AAB300B8AE4C /* SystemConfiguration.framework in Frameworks */,
				F6F17C1E1643AAB300B8AE4C /* MobileCoreServices.framework in Frameworks */,
				F6F17C201643AAB300B8AE4C /* CoreMedia.framework in Frameworks */,
			);
			runOnlyForDeploymentPostprocessing = 0;
		};
		F6F17C001643AAB300B8AE4C /* Frameworks */ = {
			isa = PBXFrameworksBuildPhase;
			buildActionMask = 2147483647;
			files = (
			);
			runOnlyForDeploymentPostprocessing = 0;
		};
/* End PBXFrameworksBuildPhase section */

/* Begin PBXGroup section */
		F6F17BF51643AAB300B8AE4C = {
			isa = PBXGroup;
			children = (
				F6F17C661643AF0D00B8AE4C /* www */,
				F6F17C211643AAB300B8AE4C /* exampleWizAssets */,
				F6F17C061643AAB300B8AE4C /* Frameworks */,
				F6F17C041643AAB300B8AE4C /* Products */,
			);
			sourceTree = "<group>";
		};
		F6F17C041643AAB300B8AE4C /* Products */ = {
			isa = PBXGroup;
			children = (
				F6F17C031643AAB300B8AE4C /* exampleWizAssets.app */,
			);
			name = Products;
			sourceTree = "<group>";
		};
		F6F17C061643AAB300B8AE4C /* Frameworks */ = {
			isa = PBXGroup;
			children = (
				F6BBAF881671CED700C28616 /* Cordova.framework */,
				F6F17C071643AAB300B8AE4C /* Foundation.framework */,
				F6F17C091643AAB300B8AE4C /* UIKit.framework */,
				F6F17C0B1643AAB300B8AE4C /* CoreGraphics.framework */,
				F6F17C0D1643AAB300B8AE4C /* AddressBook.framework */,
				F6F17C0F1643AAB300B8AE4C /* AddressBookUI.framework */,
				F6F17C111643AAB300B8AE4C /* AudioToolbox.framework */,
				F6F17C131643AAB300B8AE4C /* AVFoundation.framework */,
				F6F17C151643AAB300B8AE4C /* CoreLocation.framework */,
				F6F17C171643AAB300B8AE4C /* MediaPlayer.framework */,
				F6F17C191643AAB300B8AE4C /* QuartzCore.framework */,
				F6F17C1B1643AAB300B8AE4C /* SystemConfiguration.framework */,
				F6F17C1D1643AAB300B8AE4C /* MobileCoreServices.framework */,
				F6F17C1F1643AAB300B8AE4C /* CoreMedia.framework */,
			);
			name = Frameworks;
			sourceTree = "<group>";
		};
		F6F17C211643AAB300B8AE4C /* exampleWizAssets */ = {
			isa = PBXGroup;
			children = (
				F6F17C2C1643AAB300B8AE4C /* Resources */,
				F6F17C4D1643AAB400B8AE4C /* Classes */,
				F6F17C561643AAB400B8AE4C /* Plugins */,
				F6F17C221643AAB300B8AE4C /* Supporting Files */,
			);
			path = exampleWizAssets;
			sourceTree = "<group>";
		};
		F6F17C221643AAB300B8AE4C /* Supporting Files */ = {
			isa = PBXGroup;
			children = (
				F6F17C231643AAB300B8AE4C /* exampleWizAssets-Info.plist */,
				F6F17C241643AAB300B8AE4C /* InfoPlist.strings */,
				F6F17C271643AAB300B8AE4C /* main.m */,
				F6F17C291643AAB300B8AE4C /* exampleWizAssets-Prefix.pch */,
				F6F17C4B1643AAB400B8AE4C /* Cordova.plist */,
				F6F17C541643AAB400B8AE4C /* MainViewController.xib */,
				F6F17C581643AAB400B8AE4C /* verify.sh */,
			);
			name = "Supporting Files";
			sourceTree = "<group>";
		};
		F6F17C2C1643AAB300B8AE4C /* Resources */ = {
			isa = PBXGroup;
			children = (
				F6F17C491643AAB400B8AE4C /* Capture.bundle */,
				F6F17C2D1643AAB300B8AE4C /* en.lproj */,
				F6F17C311643AAB300B8AE4C /* es.lproj */,
				F6F17C351643AAB300B8AE4C /* de.lproj */,
				F6F17C391643AAB300B8AE4C /* se.lproj */,
				F6F17C3D1643AAB300B8AE4C /* icons */,
				F6F17C441643AAB300B8AE4C /* splash */,
			);
			name = Resources;
			sourceTree = "<group>";
		};
		F6F17C2D1643AAB300B8AE4C /* en.lproj */ = {
			isa = PBXGroup;
			children = (
				F6F17C2E1643AAB300B8AE4C /* Localizable.strings */,
			);
			name = en.lproj;
			sourceTree = "<group>";
		};
		F6F17C311643AAB300B8AE4C /* es.lproj */ = {
			isa = PBXGroup;
			children = (
				F6F17C321643AAB300B8AE4C /* Localizable.strings */,
			);
			name = es.lproj;
			sourceTree = "<group>";
		};
		F6F17C351643AAB300B8AE4C /* de.lproj */ = {
			isa = PBXGroup;
			children = (
				F6F17C361643AAB300B8AE4C /* Localizable.strings */,
			);
			name = de.lproj;
			sourceTree = "<group>";
		};
		F6F17C391643AAB300B8AE4C /* se.lproj */ = {
			isa = PBXGroup;
			children = (
				F6F17C3A1643AAB300B8AE4C /* Localizable.strings */,
			);
			name = se.lproj;
			sourceTree = "<group>";
		};
		F6F17C3D1643AAB300B8AE4C /* icons */ = {
			isa = PBXGroup;
			children = (
				F6F17C3E1643AAB300B8AE4C /* icon.png */,
				F6F17C401643AAB300B8AE4C /* icon@2x.png */,
				F6F17C421643AAB300B8AE4C /* icon-72.png */,
			);
			name = icons;
			sourceTree = "<group>";
		};
		F6F17C441643AAB300B8AE4C /* splash */ = {
			isa = PBXGroup;
			children = (
				F6F17C681643AF4F00B8AE4C /* Default-568h@2x.png */,
				F6F17C451643AAB300B8AE4C /* Default~iphone.png */,
				F6F17C471643AAB400B8AE4C /* Default@2x~iphone.png */,
			);
			name = splash;
			sourceTree = "<group>";
		};
		F6F17C4D1643AAB400B8AE4C /* Classes */ = {
			isa = PBXGroup;
			children = (
				F6F17C4E1643AAB400B8AE4C /* AppDelegate.h */,
				F6F17C4F1643AAB400B8AE4C /* AppDelegate.m */,
				F6F17C511643AAB400B8AE4C /* MainViewController.h */,
				F6F17C521643AAB400B8AE4C /* MainViewController.m */,
			);
			name = Classes;
			sourceTree = "<group>";
		};
		F6F17C561643AAB400B8AE4C /* Plugins */ = {
			isa = PBXGroup;
			children = (
				F6F17C721643B26A00B8AE4C /* WizAssetsPlugin */,
				F6F17C571643AAB400B8AE4C /* README */,
			);
			name = Plugins;
			sourceTree = "<group>";
		};
		F6F17C721643B26A00B8AE4C /* WizAssetsPlugin */ = {
			isa = PBXGroup;
			children = (
				F6F17C771643B2B100B8AE4C /* WizDebugLog.h */,
				F6F17C731643B26A00B8AE4C /* WizAssetsPlugin.h */,
				F6F17C741643B26A00B8AE4C /* WizAssetsPlugin.m */,
			);
			name = WizAssetsPlugin;
			path = ../../../ios/project/Plugins/WizAssetsPlugin;
			sourceTree = "<group>";
		};
/* End PBXGroup section */

/* Begin PBXNativeTarget section */
		F6F17C021643AAB300B8AE4C /* exampleWizAssets */ = {
			isa = PBXNativeTarget;
			buildConfigurationList = F6F17C5B1643AAB400B8AE4C /* Build configuration list for PBXNativeTarget "exampleWizAssets" */;
			buildPhases = (
				F6F17C5E1643AAF000B8AE4C /* ShellScript */,
				F6F17BFC1643AAB300B8AE4C /* Sources */,
				F6F17BFD1643AAB300B8AE4C /* Frameworks */,
				F6F17BFE1643AAB300B8AE4C /* Resources */,
				F6F17BFF1643AAB300B8AE4C /* Sources */,
				F6F17C001643AAB300B8AE4C /* Frameworks */,
				F6F17C011643AAB300B8AE4C /* ShellScript */,
			);
			buildRules = (
			);
			dependencies = (
			);
			name = exampleWizAssets;
			productName = exampleWizAssets;
			productReference = F6F17C031643AAB300B8AE4C /* exampleWizAssets.app */;
			productType = "com.apple.product-type.application";
		};
/* End PBXNativeTarget section */

/* Begin PBXProject section */
		F6F17BF71643AAB300B8AE4C /* Project object */ = {
			isa = PBXProject;
			attributes = {
				LastUpgradeCheck = 0450;
				ORGANIZATIONNAME = Wizcorp;
			};
			buildConfigurationList = F6F17BFA1643AAB300B8AE4C /* Build configuration list for PBXProject "exampleWizAssets" */;
			compatibilityVersion = "Xcode 3.2";
			developmentRegion = English;
			hasScannedForEncodings = 0;
			knownRegions = (
				en,
				es,
				de,
				se,
			);
			mainGroup = F6F17BF51643AAB300B8AE4C;
			productRefGroup = F6F17C041643AAB300B8AE4C /* Products */;
			projectDirPath = "";
			projectRoot = "";
			targets = (
				F6F17C021643AAB300B8AE4C /* exampleWizAssets */,
			);
		};
/* End PBXProject section */

/* Begin PBXResourcesBuildPhase section */
		F6F17BFE1643AAB300B8AE4C /* Resources */ = {
			isa = PBXResourcesBuildPhase;
			buildActionMask = 2147483647;
			files = (
				F6F17C261643AAB300B8AE4C /* InfoPlist.strings in Resources */,
				F6F17C301643AAB300B8AE4C /* Localizable.strings in Resources */,
				F6F17C341643AAB300B8AE4C /* Localizable.strings in Resources */,
				F6F17C381643AAB300B8AE4C /* Localizable.strings in Resources */,
				F6F17C3C1643AAB300B8AE4C /* Localizable.strings in Resources */,
				F6F17C3F1643AAB300B8AE4C /* icon.png in Resources */,
				F6F17C411643AAB300B8AE4C /* icon@2x.png in Resources */,
				F6F17C431643AAB300B8AE4C /* icon-72.png in Resources */,
				F6F17C461643AAB300B8AE4C /* Default~iphone.png in Resources */,
				F6F17C481643AAB400B8AE4C /* Default@2x~iphone.png in Resources */,
				F6F17C4A1643AAB400B8AE4C /* Capture.bundle in Resources */,
				F6F17C4C1643AAB400B8AE4C /* Cordova.plist in Resources */,
				F6F17C551643AAB400B8AE4C /* MainViewController.xib in Resources */,
				F6F17C671643AF0D00B8AE4C /* www in Resources */,
				F6F17C691643AF4F00B8AE4C /* Default-568h@2x.png in Resources */,
			);
			runOnlyForDeploymentPostprocessing = 0;
		};
/* End PBXResourcesBuildPhase section */

/* Begin PBXShellScriptBuildPhase section */
		F6F17C011643AAB300B8AE4C /* ShellScript */ = {
			isa = PBXShellScriptBuildPhase;
			buildActionMask = 2147483647;
			files = (
			);
			inputPaths = (
			);
			outputPaths = (
			);
			runOnlyForDeploymentPostprocessing = 0;
			shellPath = /bin/bash;
			shellScript = "\n\t\t\t\t\t";
		};
		F6F17C5E1643AAF000B8AE4C /* ShellScript */ = {
			isa = PBXShellScriptBuildPhase;
			buildActionMask = 2147483647;
			files = (
			);
			inputPaths = (
			);
			outputPaths = (
			);
			runOnlyForDeploymentPostprocessing = 0;
			shellPath = /bin/sh;
			shellScript = "mkdir -p $PROJECT_DIR/../www/phonegap\ncp -r $PROJECT_DIR/../../www/phonegap $PROJECT_DIR/../www";
		};
/* End PBXShellScriptBuildPhase section */

/* Begin PBXSourcesBuildPhase section */
		F6F17BFC1643AAB300B8AE4C /* Sources */ = {
			isa = PBXSourcesBuildPhase;
			buildActionMask = 2147483647;
			files = (
				F6F17C281643AAB300B8AE4C /* main.m in Sources */,
				F6F17C501643AAB400B8AE4C /* AppDelegate.m in Sources */,
				F6F17C531643AAB400B8AE4C /* MainViewController.m in Sources */,
				F6F17C751643B26A00B8AE4C /* WizAssetsPlugin.m in Sources */,
			);
			runOnlyForDeploymentPostprocessing = 0;
		};
		F6F17BFF1643AAB300B8AE4C /* Sources */ = {
			isa = PBXSourcesBuildPhase;
			buildActionMask = 2147483647;
			files = (
			);
			runOnlyForDeploymentPostprocessing = 0;
		};
/* End PBXSourcesBuildPhase section */

/* Begin PBXVariantGroup section */
		F6F17C241643AAB300B8AE4C /* InfoPlist.strings */ = {
			isa = PBXVariantGroup;
			children = (
				F6F17C251643AAB300B8AE4C /* en */,
			);
			name = InfoPlist.strings;
			sourceTree = "<group>";
		};
		F6F17C2E1643AAB300B8AE4C /* Localizable.strings */ = {
			isa = PBXVariantGroup;
			children = (
				F6F17C2F1643AAB300B8AE4C /* en */,
			);
			name = Localizable.strings;
			sourceTree = "<group>";
		};
		F6F17C321643AAB300B8AE4C /* Localizable.strings */ = {
			isa = PBXVariantGroup;
			children = (
				F6F17C331643AAB300B8AE4C /* es */,
			);
			name = Localizable.strings;
			sourceTree = "<group>";
		};
		F6F17C361643AAB300B8AE4C /* Localizable.strings */ = {
			isa = PBXVariantGroup;
			children = (
				F6F17C371643AAB300B8AE4C /* de */,
			);
			name = Localizable.strings;
			sourceTree = "<group>";
		};
		F6F17C3A1643AAB300B8AE4C /* Localizable.strings */ = {
			isa = PBXVariantGroup;
			children = (
				F6F17C3B1643AAB300B8AE4C /* se */,
			);
			name = Localizable.strings;
			sourceTree = "<group>";
		};
/* End PBXVariantGroup section */

/* Begin XCBuildConfiguration section */
		F6F17C591643AAB400B8AE4C /* Debug */ = {
			isa = XCBuildConfiguration;
			buildSettings = {
				ALWAYS_SEARCH_USER_PATHS = NO;
				ARCHS = (
					armv6,
					"$(ARCHS_STANDARD_32_BIT)",
				);
				CLANG_CXX_LANGUAGE_STANDARD = "gnu++0x";
				CLANG_CXX_LIBRARY = "libc++";
				CLANG_WARN_EMPTY_BODY = YES;
				CLANG_WARN__DUPLICATE_METHOD_MATCH = YES;
				"CODE_SIGN_IDENTITY[sdk=iphoneos*]" = "";
				COPY_PHASE_STRIP = NO;
				GCC_C_LANGUAGE_STANDARD = gnu99;
				GCC_DYNAMIC_NO_PIC = NO;
				GCC_OPTIMIZATION_LEVEL = 0;
				GCC_PREPROCESSOR_DEFINITIONS = (
					"DEBUG=1",
					"$(inherited)",
				);
				GCC_SYMBOLS_PRIVATE_EXTERN = NO;
				GCC_VERSION = com.apple.compilers.llvm.clang.1_0;
				GCC_WARN_ABOUT_RETURN_TYPE = YES;
				GCC_WARN_UNINITIALIZED_AUTOS = YES;
				GCC_WARN_UNUSED_VARIABLE = YES;
				IPHONEOS_DEPLOYMENT_TARGET = 3.0;
				ONLY_ACTIVE_ARCH = YES;
				SDKROOT = iphoneos;
			};
			name = Debug;
		};
		F6F17C5A1643AAB400B8AE4C /* Release */ = {
			isa = XCBuildConfiguration;
			buildSettings = {
				ALWAYS_SEARCH_USER_PATHS = NO;
				ARCHS = (
					armv6,
					"$(ARCHS_STANDARD_32_BIT)",
				);
				CLANG_CXX_LANGUAGE_STANDARD = "gnu++0x";
				CLANG_CXX_LIBRARY = "libc++";
				CLANG_WARN_EMPTY_BODY = YES;
				CLANG_WARN__DUPLICATE_METHOD_MATCH = YES;
				"CODE_SIGN_IDENTITY[sdk=iphoneos*]" = "";
				COPY_PHASE_STRIP = YES;
				GCC_C_LANGUAGE_STANDARD = gnu99;
				GCC_VERSION = com.apple.compilers.llvm.clang.1_0;
				GCC_WARN_ABOUT_RETURN_TYPE = YES;
				GCC_WARN_UNINITIALIZED_AUTOS = YES;
				GCC_WARN_UNUSED_VARIABLE = YES;
				IPHONEOS_DEPLOYMENT_TARGET = 3.0;
				SDKROOT = iphoneos;
				VALIDATE_PRODUCT = YES;
			};
			name = Release;
		};
		F6F17C5C1643AAB400B8AE4C /* Debug */ = {
			isa = XCBuildConfiguration;
			buildSettings = {
				ALWAYS_SEARCH_USER_PATHS = YES;
				COPY_PHASE_STRIP = NO;
				FRAMEWORK_SEARCH_PATHS = "\"$(SRCROOT)/Frameworks\"";
				GCC_DYNAMIC_NO_PIC = NO;
				GCC_PRECOMPILE_PREFIX_HEADER = YES;
				GCC_PREFIX_HEADER = "exampleWizAssets/exampleWizAssets-Prefix.pch";
				GCC_PREPROCESSOR_DEFINITIONS = (
					"DEBUG=1,",
					"CORDOVA_FRAMEWORK=1",
				);
				INFOPLIST_FILE = "exampleWizAssets/exampleWizAssets-Info.plist";
				OTHER_LDFLAGS = (
					"-weak_framework",
					UIKit,
					"-weak_framework",
					AVFoundation,
					"-weak_framework",
					CoreMedia,
					"-weak-lSystem",
				);
				PRODUCT_NAME = "$(TARGET_NAME)";
				TARGETED_DEVICE_FAMILY = "1,2";
				WRAPPER_EXTENSION = app;
			};
			name = Debug;
		};
		F6F17C5D1643AAB400B8AE4C /* Release */ = {
			isa = XCBuildConfiguration;
			buildSettings = {
				ALWAYS_SEARCH_USER_PATHS = YES;
				COPY_PHASE_STRIP = YES;
				DEBUG_INFORMATION_FORMAT = "dwarf-with-dsym";
				FRAMEWORK_SEARCH_PATHS = "\"$(SRCROOT)/Frameworks\"";
				GCC_PRECOMPILE_PREFIX_HEADER = YES;
				GCC_PREFIX_HEADER = "exampleWizAssets/exampleWizAssets-Prefix.pch";
				GCC_PREPROCESSOR_DEFINITIONS = (
					"NDEBUG=1,",
					"CORDOVA_FRAMEWORK=1",
				);
				INFOPLIST_FILE = "exampleWizAssets/exampleWizAssets-Info.plist";
				OTHER_LDFLAGS = (
					"-weak_framework",
					UIKit,
					"-weak_framework",
					AVFoundation,
					"-weak_framework",
					CoreMedia,
					"-weak-lSystem",
				);
				PRODUCT_NAME = "$(TARGET_NAME)";
				TARGETED_DEVICE_FAMILY = "1,2";
				VALIDATE_PRODUCT = YES;
				WRAPPER_EXTENSION = app;
			};
			name = Release;
		};
/* End XCBuildConfiguration section */

/* Begin XCConfigurationList section */
		F6F17BFA1643AAB300B8AE4C /* Build configuration list for PBXProject "exampleWizAssets" */ = {
			isa = XCConfigurationList;
			buildConfigurations = (
				F6F17C591643AAB400B8AE4C /* Debug */,
				F6F17C5A1643AAB400B8AE4C /* Release */,
			);
			defaultConfigurationIsVisible = 0;
			defaultConfigurationName = Release;
		};
		F6F17C5B1643AAB400B8AE4C /* Build configuration list for PBXNativeTarget "exampleWizAssets" */ = {
			isa = XCConfigurationList;
			buildConfigurations = (
				F6F17C5C1643AAB400B8AE4C /* Debug */,
				F6F17C5D1643AAB400B8AE4C /* Release */,
			);
			defaultConfigurationIsVisible = 0;
			defaultConfigurationName = Release;
		};
/* End XCConfigurationList section */
	};
	rootObject = F6F17BF71643AAB300B8AE4C /* Project object */;
}
